// !$*UTF8*$!
{
	archiveVersion = 1;
	classes = {
	};
	objectVersion = 46;
	objects = {

/* Begin PBXBuildFile section */
		D08FA1721B39E48500275F9E /* button (7).png in Resources */ = {isa = PBXBuildFile; fileRef = D08FA1701B39E48500275F9E /* button (7).png */; };
		D08FA1731B39E48500275F9E /* button (6).png in Resources */ = {isa = PBXBuildFile; fileRef = D08FA1711B39E48500275F9E /* button (6).png */; };
		D08FA17E1B39F3ED00275F9E /* baked.png in Resources */ = {isa = PBXBuildFile; fileRef = D08FA1741B39F3ED00275F9E /* baked.png */; };
		D08FA17F1B39F3ED00275F9E /* high.png in Resources */ = {isa = PBXBuildFile; fileRef = D08FA1751B39F3ED00275F9E /* high.png */; };
		D08FA1801B39F3ED00275F9E /* toasted.png in Resources */ = {isa = PBXBuildFile; fileRef = D08FA1761B39F3ED00275F9E /* toasted.png */; };
		D08FA1811B39F3ED00275F9E /* blazed.png in Resources */ = {isa = PBXBuildFile; fileRef = D08FA1771B39F3ED00275F9E /* blazed.png */; };
		D08FA1821B39F3ED00275F9E /* otw.png in Resources */ = {isa = PBXBuildFile; fileRef = D08FA1781B39F3ED00275F9E /* otw.png */; };
		D08FA1831B39F3ED00275F9E /* stoned.png in Resources */ = {isa = PBXBuildFile; fileRef = D08FA1791B39F3ED00275F9E /* stoned.png */; };
		D08FA1841B39F3ED00275F9E /* buzzed.png in Resources */ = {isa = PBXBuildFile; fileRef = D08FA17A1B39F3ED00275F9E /* buzzed.png */; };
		D08FA1851B39F3ED00275F9E /* fucked.png in Resources */ = {isa = PBXBuildFile; fileRef = D08FA17B1B39F3ED00275F9E /* fucked.png */; };
		D08FA1861B39F3ED00275F9E /* gone.png in Resources */ = {isa = PBXBuildFile; fileRef = D08FA17C1B39F3ED00275F9E /* gone.png */; };
		D08FA1871B39F3ED00275F9E /* sober.png in Resources */ = {isa = PBXBuildFile; fileRef = D08FA17D1B39F3ED00275F9E /* sober.png */; };
		D08FA1891B39F5C700275F9E /* EndViewController.swift in Sources */ = {isa = PBXBuildFile; fileRef = D08FA1881B39F5C700275F9E /* EndViewController.swift */; };
		D08FA18F1B3A034200275F9E /* weed.png in Resources */ = {isa = PBXBuildFile; fileRef = D08FA18E1B3A034200275F9E /* weed.png */; };
		D08FA1911B3A041D00275F9E /* weed 16-06-24-929.png in Resources */ = {isa = PBXBuildFile; fileRef = D08FA1901B3A041D00275F9E /* weed 16-06-24-929.png */; };
		D0A56CDC1B3A483C0077071B /* FBSDKCoreKit.framework in Frameworks */ = {isa = PBXBuildFile; fileRef = D0A56CDB1B3A483C0077071B /* FBSDKCoreKit.framework */; };
		D0A56CDE1B3A4A220077071B /* FBSDKShareKit.framework in Frameworks */ = {isa = PBXBuildFile; fileRef = D0A56CDD1B3A4A220077071B /* FBSDKShareKit.framework */; };
		D0A56CE11B3A4AF50077071B /* FBBridgingHeader.m in Sources */ = {isa = PBXBuildFile; fileRef = D0A56CE01B3A4AF50077071B /* FBBridgingHeader.m */; };
		D0A56CE31B3A4C2B0077071B /* FBSDKLoginKit.framework in Frameworks */ = {isa = PBXBuildFile; fileRef = D0A56CE21B3A4C2B0077071B /* FBSDKLoginKit.framework */; };
		D0A56CE51B3A4C320077071B /* Bolts.framework in Frameworks */ = {isa = PBXBuildFile; fileRef = D0A56CE41B3A4C320077071B /* Bolts.framework */; };
		D0A56CE71B3A4D640077071B /* facebook-login-button.png in Resources */ = {isa = PBXBuildFile; fileRef = D0A56CE61B3A4D640077071B /* facebook-login-button.png */; };
		D0A56CEA1B3A4E170077071B /* twitter_circle_color-128.png in Resources */ = {isa = PBXBuildFile; fileRef = D0A56CE81B3A4E170077071B /* twitter_circle_color-128.png */; };
		D0A56CEB1B3A4E170077071B /* 1435131014_facebook_circle_color.png in Resources */ = {isa = PBXBuildFile; fileRef = D0A56CE91B3A4E170077071B /* 1435131014_facebook_circle_color.png */; };
		D0A56CED1B3A4F1B0077071B /* Camera-Front-128.png in Resources */ = {isa = PBXBuildFile; fileRef = D0A56CEC1B3A4F1B0077071B /* Camera-Front-128.png */; };
		D0A56CEF1B3A4FEA0077071B /* button_black_repeat.png in Resources */ = {isa = PBXBuildFile; fileRef = D0A56CEE1B3A4FEA0077071B /* button_black_repeat.png */; };
		D0A56CF11B3A51620077071B /* 519566-062_Redo-128.png in Resources */ = {isa = PBXBuildFile; fileRef = D0A56CF01B3A51620077071B /* 519566-062_Redo-128.png */; };
		D0A56CF31B3A53680077071B /* imessage-128.png in Resources */ = {isa = PBXBuildFile; fileRef = D0A56CF21B3A53680077071B /* imessage-128.png */; };
		D0A56CF51B3A55BF0077071B /* coollogo_com-7459119.png in Resources */ = {isa = PBXBuildFile; fileRef = D0A56CF41B3A55BF0077071B /* coollogo_com-7459119.png */; };
		D0DD8F161B37B5D1005A7623 /* collage.png in Resources */ = {isa = PBXBuildFile; fileRef = D0DD8F151B37B5D1005A7623 /* collage.png */; };
		D0DD8F1A1B37BCF8005A7623 /* coollogo_com-127414877.png in Resources */ = {isa = PBXBuildFile; fileRef = D0DD8F191B37BCF8005A7623 /* coollogo_com-127414877.png */; };
		D0DD8F1E1B37BEA5005A7623 /* Screen Shot 2015-06-21 at 11.54.46 PM.png in Resources */ = {isa = PBXBuildFile; fileRef = D0DD8F1D1B37BEA5005A7623 /* Screen Shot 2015-06-21 at 11.54.46 PM.png */; };
		D0E891CB1B0D8A5A00AE33D9 /* AppDelegate.swift in Sources */ = {isa = PBXBuildFile; fileRef = D0E891CA1B0D8A5A00AE33D9 /* AppDelegate.swift */; };
		D0E891CD1B0D8A5A00AE33D9 /* ViewController.swift in Sources */ = {isa = PBXBuildFile; fileRef = D0E891CC1B0D8A5A00AE33D9 /* ViewController.swift */; };
		D0E891D01B0D8A5A00AE33D9 /* Main.storyboard in Resources */ = {isa = PBXBuildFile; fileRef = D0E891CE1B0D8A5A00AE33D9 /* Main.storyboard */; };
		D0E891D21B0D8A5A00AE33D9 /* Images.xcassets in Resources */ = {isa = PBXBuildFile; fileRef = D0E891D11B0D8A5A00AE33D9 /* Images.xcassets */; };
		D0E891D51B0D8A5A00AE33D9 /* LaunchScreen.xib in Resources */ = {isa = PBXBuildFile; fileRef = D0E891D31B0D8A5A00AE33D9 /* LaunchScreen.xib */; };
		D0E891E11B0D8A5A00AE33D9 /* How_High_Ya_HomieTests.swift in Sources */ = {isa = PBXBuildFile; fileRef = D0E891E01B0D8A5A00AE33D9 /* How_High_Ya_HomieTests.swift */; };
		D0E891EE1B0EB75300AE33D9 /* homieLogo.png in Resources */ = {isa = PBXBuildFile; fileRef = D0E891ED1B0EB75300AE33D9 /* homieLogo.png */; };
		D0E891F01B0EBAEF00AE33D9 /* StartScreenViewController.swift in Sources */ = {isa = PBXBuildFile; fileRef = D0E891EF1B0EBAEF00AE33D9 /* StartScreenViewController.swift */; };
		D0FC6BEF1B34B64D00B3D19D /* homieButton.png in Resources */ = {isa = PBXBuildFile; fileRef = D0FC6BEE1B34B64D00B3D19D /* homieButton.png */; };
/* End PBXBuildFile section */

/* Begin PBXContainerItemProxy section */
		D0E891DB1B0D8A5A00AE33D9 /* PBXContainerItemProxy */ = {
			isa = PBXContainerItemProxy;
			containerPortal = D0E891BD1B0D8A5A00AE33D9 /* Project object */;
			proxyType = 1;
			remoteGlobalIDString = D0E891C41B0D8A5A00AE33D9;
			remoteInfo = "How High Ya Homie";
		};
/* End PBXContainerItemProxy section */

/* Begin PBXFileReference section */
		D08FA1701B39E48500275F9E /* button (7).png */ = {isa = PBXFileReference; lastKnownFileType = image.png; path = "button (7).png"; sourceTree = "<group>"; };
		D08FA1711B39E48500275F9E /* button (6).png */ = {isa = PBXFileReference; lastKnownFileType = image.png; path = "button (6).png"; sourceTree = "<group>"; };
		D08FA1741B39F3ED00275F9E /* baked.png */ = {isa = PBXFileReference; lastKnownFileType = image.png; path = baked.png; sourceTree = "<group>"; };
		D08FA1751B39F3ED00275F9E /* high.png */ = {isa = PBXFileReference; lastKnownFileType = image.png; path = high.png; sourceTree = "<group>"; };
		D08FA1761B39F3ED00275F9E /* toasted.png */ = {isa = PBXFileReference; lastKnownFileType = image.png; path = toasted.png; sourceTree = "<group>"; };
		D08FA1771B39F3ED00275F9E /* blazed.png */ = {isa = PBXFileReference; lastKnownFileType = image.png; path = blazed.png; sourceTree = "<group>"; };
		D08FA1781B39F3ED00275F9E /* otw.png */ = {isa = PBXFileReference; lastKnownFileType = image.png; path = otw.png; sourceTree = "<group>"; };
		D08FA1791B39F3ED00275F9E /* stoned.png */ = {isa = PBXFileReference; lastKnownFileType = image.png; path = stoned.png; sourceTree = "<group>"; };
		D08FA17A1B39F3ED00275F9E /* buzzed.png */ = {isa = PBXFileReference; lastKnownFileType = image.png; path = buzzed.png; sourceTree = "<group>"; };
		D08FA17B1B39F3ED00275F9E /* fucked.png */ = {isa = PBXFileReference; lastKnownFileType = image.png; path = fucked.png; sourceTree = "<group>"; };
		D08FA17C1B39F3ED00275F9E /* gone.png */ = {isa = PBXFileReference; lastKnownFileType = image.png; path = gone.png; sourceTree = "<group>"; };
		D08FA17D1B39F3ED00275F9E /* sober.png */ = {isa = PBXFileReference; lastKnownFileType = image.png; path = sober.png; sourceTree = "<group>"; };
		D08FA1881B39F5C700275F9E /* EndViewController.swift */ = {isa = PBXFileReference; fileEncoding = 4; lastKnownFileType = sourcecode.swift; path = EndViewController.swift; sourceTree = "<group>"; };
		D08FA18E1B3A034200275F9E /* weed.png */ = {isa = PBXFileReference; lastKnownFileType = image.png; path = weed.png; sourceTree = "<group>"; };
		D08FA1901B3A041D00275F9E /* weed 16-06-24-929.png */ = {isa = PBXFileReference; lastKnownFileType = image.png; path = "weed 16-06-24-929.png"; sourceTree = "<group>"; };
		D0A56CDB1B3A483C0077071B /* FBSDKCoreKit.framework */ = {isa = PBXFileReference; lastKnownFileType = wrapper.framework; path = FBSDKCoreKit.framework; sourceTree = "<group>"; };
		D0A56CDD1B3A4A220077071B /* FBSDKShareKit.framework */ = {isa = PBXFileReference; lastKnownFileType = wrapper.framework; path = FBSDKShareKit.framework; sourceTree = "<group>"; };
		D0A56CDF1B3A4AF50077071B /* How High Ya Homie-Bridging-Header.h */ = {isa = PBXFileReference; lastKnownFileType = sourcecode.c.h; path = "How High Ya Homie-Bridging-Header.h"; sourceTree = "<group>"; };
		D0A56CE01B3A4AF50077071B /* FBBridgingHeader.m */ = {isa = PBXFileReference; fileEncoding = 4; lastKnownFileType = sourcecode.c.objc; path = FBBridgingHeader.m; sourceTree = "<group>"; };
		D0A56CE21B3A4C2B0077071B /* FBSDKLoginKit.framework */ = {isa = PBXFileReference; lastKnownFileType = wrapper.framework; path = FBSDKLoginKit.framework; sourceTree = "<group>"; };
		D0A56CE41B3A4C320077071B /* Bolts.framework */ = {isa = PBXFileReference; lastKnownFileType = wrapper.framework; path = Bolts.framework; sourceTree = "<group>"; };
		D0A56CE61B3A4D640077071B /* facebook-login-button.png */ = {isa = PBXFileReference; lastKnownFileType = image.png; path = "facebook-login-button.png"; sourceTree = "<group>"; };
		D0A56CE81B3A4E170077071B /* twitter_circle_color-128.png */ = {isa = PBXFileReference; lastKnownFileType = image.png; path = "twitter_circle_color-128.png"; sourceTree = "<group>"; };
		D0A56CE91B3A4E170077071B /* 1435131014_facebook_circle_color.png */ = {isa = PBXFileReference; lastKnownFileType = image.png; path = 1435131014_facebook_circle_color.png; sourceTree = "<group>"; };
		D0A56CEC1B3A4F1B0077071B /* Camera-Front-128.png */ = {isa = PBXFileReference; lastKnownFileType = image.png; path = "Camera-Front-128.png"; sourceTree = "<group>"; };
		D0A56CEE1B3A4FEA0077071B /* button_black_repeat.png */ = {isa = PBXFileReference; lastKnownFileType = image.png; path = button_black_repeat.png; sourceTree = "<group>"; };
		D0A56CF01B3A51620077071B /* 519566-062_Redo-128.png */ = {isa = PBXFileReference; lastKnownFileType = image.png; path = "519566-062_Redo-128.png"; sourceTree = "<group>"; };
		D0A56CF21B3A53680077071B /* imessage-128.png */ = {isa = PBXFileReference; lastKnownFileType = image.png; path = "imessage-128.png"; sourceTree = "<group>"; };
		D0A56CF41B3A55BF0077071B /* coollogo_com-7459119.png */ = {isa = PBXFileReference; lastKnownFileType = image.png; path = "coollogo_com-7459119.png"; sourceTree = "<group>"; };
		D0DD8F151B37B5D1005A7623 /* collage.png */ = {isa = PBXFileReference; lastKnownFileType = image.png; path = collage.png; sourceTree = "<group>"; };
		D0DD8F191B37BCF8005A7623 /* coollogo_com-127414877.png */ = {isa = PBXFileReference; lastKnownFileType = image.png; path = "coollogo_com-127414877.png"; sourceTree = "<group>"; };
		D0DD8F1D1B37BEA5005A7623 /* Screen Shot 2015-06-21 at 11.54.46 PM.png */ = {isa = PBXFileReference; lastKnownFileType = image.png; path = "Screen Shot 2015-06-21 at 11.54.46 PM.png"; sourceTree = "<group>"; };
		D0E891C51B0D8A5A00AE33D9 /* HowHighYaHomie.app */ = {isa = PBXFileReference; explicitFileType = wrapper.application; includeInIndex = 0; path = HowHighYaHomie.app; sourceTree = BUILT_PRODUCTS_DIR; };
		D0E891C91B0D8A5A00AE33D9 /* Info.plist */ = {isa = PBXFileReference; lastKnownFileType = text.plist.xml; path = Info.plist; sourceTree = "<group>"; };
		D0E891CA1B0D8A5A00AE33D9 /* AppDelegate.swift */ = {isa = PBXFileReference; lastKnownFileType = sourcecode.swift; path = AppDelegate.swift; sourceTree = "<group>"; };
		D0E891CC1B0D8A5A00AE33D9 /* ViewController.swift */ = {isa = PBXFileReference; lastKnownFileType = sourcecode.swift; path = ViewController.swift; sourceTree = "<group>"; };
		D0E891CF1B0D8A5A00AE33D9 /* Base */ = {isa = PBXFileReference; lastKnownFileType = file.storyboard; name = Base; path = Base.lproj/Main.storyboard; sourceTree = "<group>"; };
		D0E891D11B0D8A5A00AE33D9 /* Images.xcassets */ = {isa = PBXFileReference; lastKnownFileType = folder.assetcatalog; path = Images.xcassets; sourceTree = "<group>"; };
		D0E891D41B0D8A5A00AE33D9 /* Base */ = {isa = PBXFileReference; lastKnownFileType = file.xib; name = Base; path = Base.lproj/LaunchScreen.xib; sourceTree = "<group>"; };
		D0E891DA1B0D8A5A00AE33D9 /* How High Ya HomieTests.xctest */ = {isa = PBXFileReference; explicitFileType = wrapper.cfbundle; includeInIndex = 0; path = "How High Ya HomieTests.xctest"; sourceTree = BUILT_PRODUCTS_DIR; };
		D0E891DF1B0D8A5A00AE33D9 /* Info.plist */ = {isa = PBXFileReference; lastKnownFileType = text.plist.xml; path = Info.plist; sourceTree = "<group>"; };
		D0E891E01B0D8A5A00AE33D9 /* How_High_Ya_HomieTests.swift */ = {isa = PBXFileReference; lastKnownFileType = sourcecode.swift; path = How_High_Ya_HomieTests.swift; sourceTree = "<group>"; };
		D0E891ED1B0EB75300AE33D9 /* homieLogo.png */ = {isa = PBXFileReference; lastKnownFileType = image.png; path = homieLogo.png; sourceTree = "<group>"; };
		D0E891EF1B0EBAEF00AE33D9 /* StartScreenViewController.swift */ = {isa = PBXFileReference; fileEncoding = 4; lastKnownFileType = sourcecode.swift; path = StartScreenViewController.swift; sourceTree = "<group>"; };
		D0FC6BEE1B34B64D00B3D19D /* homieButton.png */ = {isa = PBXFileReference; lastKnownFileType = image.png; path = homieButton.png; sourceTree = "<group>"; };
/* End PBXFileReference section */

/* Begin PBXFrameworksBuildPhase section */
		D0E891C21B0D8A5A00AE33D9 /* Frameworks */ = {
			isa = PBXFrameworksBuildPhase;
			buildActionMask = 2147483647;
			files = (
				D0A56CDE1B3A4A220077071B /* FBSDKShareKit.framework in Frameworks */,
				D0A56CDC1B3A483C0077071B /* FBSDKCoreKit.framework in Frameworks */,
				D0A56CE31B3A4C2B0077071B /* FBSDKLoginKit.framework in Frameworks */,
				D0A56CE51B3A4C320077071B /* Bolts.framework in Frameworks */,
			);
			runOnlyForDeploymentPostprocessing = 0;
		};
		D0E891D71B0D8A5A00AE33D9 /* Frameworks */ = {
			isa = PBXFrameworksBuildPhase;
			buildActionMask = 2147483647;
			files = (
			);
			runOnlyForDeploymentPostprocessing = 0;
		};
/* End PBXFrameworksBuildPhase section */

/* Begin PBXGroup section */
		D0A56CD81B3A45AD0077071B /* Frameworks */ = {
			isa = PBXGroup;
			children = (
				D0A56CE41B3A4C320077071B /* Bolts.framework */,
				D0A56CE21B3A4C2B0077071B /* FBSDKLoginKit.framework */,
				D0A56CDD1B3A4A220077071B /* FBSDKShareKit.framework */,
				D0A56CDB1B3A483C0077071B /* FBSDKCoreKit.framework */,
			);
			name = Frameworks;
			sourceTree = "<group>";
		};
		D0E891BC1B0D8A5A00AE33D9 = {
			isa = PBXGroup;
			children = (
				D0E891C71B0D8A5A00AE33D9 /* How High Ya Homie */,
				D0E891DD1B0D8A5A00AE33D9 /* How High Ya HomieTests */,
				D0E891C61B0D8A5A00AE33D9 /* Products */,
			);
			sourceTree = "<group>";
		};
		D0E891C61B0D8A5A00AE33D9 /* Products */ = {
			isa = PBXGroup;
			children = (
				D0E891C51B0D8A5A00AE33D9 /* HowHighYaHomie.app */,
				D0E891DA1B0D8A5A00AE33D9 /* How High Ya HomieTests.xctest */,
			);
			name = Products;
			sourceTree = "<group>";
		};
		D0E891C71B0D8A5A00AE33D9 /* How High Ya Homie */ = {
			isa = PBXGroup;
			children = (
				D0E891CA1B0D8A5A00AE33D9 /* AppDelegate.swift */,
				D0E891EF1B0EBAEF00AE33D9 /* StartScreenViewController.swift */,
				D0E891CC1B0D8A5A00AE33D9 /* ViewController.swift */,
				D08FA1881B39F5C700275F9E /* EndViewController.swift */,
				D0A56CE01B3A4AF50077071B /* FBBridgingHeader.m */,
				D0A56CDF1B3A4AF50077071B /* How High Ya Homie-Bridging-Header.h */,
				D0E891CE1B0D8A5A00AE33D9 /* Main.storyboard */,
				D0E891D11B0D8A5A00AE33D9 /* Images.xcassets */,
				D0E891D31B0D8A5A00AE33D9 /* LaunchScreen.xib */,
				D0E891EC1B0D8BB300AE33D9 /* Resources */,
				D0E891C81B0D8A5A00AE33D9 /* Supporting Files */,
				D0A56CD81B3A45AD0077071B /* Frameworks */,
			);
			path = "How High Ya Homie";
			sourceTree = "<group>";
		};
		D0E891C81B0D8A5A00AE33D9 /* Supporting Files */ = {
			isa = PBXGroup;
			children = (
				D0E891C91B0D8A5A00AE33D9 /* Info.plist */,
			);
			name = "Supporting Files";
			sourceTree = "<group>";
		};
		D0E891DD1B0D8A5A00AE33D9 /* How High Ya HomieTests */ = {
			isa = PBXGroup;
			children = (
				D0E891E01B0D8A5A00AE33D9 /* How_High_Ya_HomieTests.swift */,
				D0E891DE1B0D8A5A00AE33D9 /* Supporting Files */,
			);
			path = "How High Ya HomieTests";
			sourceTree = "<group>";
		};
		D0E891DE1B0D8A5A00AE33D9 /* Supporting Files */ = {
			isa = PBXGroup;
			children = (
				D0E891DF1B0D8A5A00AE33D9 /* Info.plist */,
			);
			name = "Supporting Files";
			sourceTree = "<group>";
		};
		D0E891EC1B0D8BB300AE33D9 /* Resources */ = {
			isa = PBXGroup;
			children = (
				D0DD8F151B37B5D1005A7623 /* collage.png */,
				D0DD8F1D1B37BEA5005A7623 /* Screen Shot 2015-06-21 at 11.54.46 PM.png */,
				D0DD8F191B37BCF8005A7623 /* coollogo_com-127414877.png */,
				D08FA1701B39E48500275F9E /* button (7).png */,
				D08FA1711B39E48500275F9E /* button (6).png */,
				D0FC6BEE1B34B64D00B3D19D /* homieButton.png */,
				D0E891ED1B0EB75300AE33D9 /* homieLogo.png */,
				D0A56CEC1B3A4F1B0077071B /* Camera-Front-128.png */,
				D08FA18E1B3A034200275F9E /* weed.png */,
				D08FA1741B39F3ED00275F9E /* baked.png */,
				D0A56CE61B3A4D640077071B /* facebook-login-button.png */,
				D08FA1751B39F3ED00275F9E /* high.png */,
				D0A56CF41B3A55BF0077071B /* coollogo_com-7459119.png */,
				D0A56CF21B3A53680077071B /* imessage-128.png */,
				D0A56CE81B3A4E170077071B /* twitter_circle_color-128.png */,
				D0A56CF01B3A51620077071B /* 519566-062_Redo-128.png */,
				D0A56CE91B3A4E170077071B /* 1435131014_facebook_circle_color.png */,
				D08FA1761B39F3ED00275F9E /* toasted.png */,
				D0A56CEE1B3A4FEA0077071B /* button_black_repeat.png */,
				D08FA1771B39F3ED00275F9E /* blazed.png */,
				D08FA1781B39F3ED00275F9E /* otw.png */,
				D08FA1901B3A041D00275F9E /* weed 16-06-24-929.png */,
				D08FA1791B39F3ED00275F9E /* stoned.png */,
				D08FA17A1B39F3ED00275F9E /* buzzed.png */,
				D08FA17B1B39F3ED00275F9E /* fucked.png */,
				D08FA17C1B39F3ED00275F9E /* gone.png */,
				D08FA17D1B39F3ED00275F9E /* sober.png */,
			);
			name = Resources;
			sourceTree = "<group>";
		};
/* End PBXGroup section */

/* Begin PBXNativeTarget section */
		D0E891C41B0D8A5A00AE33D9 /* How High Ya Homie */ = {
			isa = PBXNativeTarget;
			buildConfigurationList = D0E891E41B0D8A5A00AE33D9 /* Build configuration list for PBXNativeTarget "How High Ya Homie" */;
			buildPhases = (
				D0E891C11B0D8A5A00AE33D9 /* Sources */,
				D0E891C21B0D8A5A00AE33D9 /* Frameworks */,
				D0E891C31B0D8A5A00AE33D9 /* Resources */,
			);
			buildRules = (
			);
			dependencies = (
			);
			name = "How High Ya Homie";
			productName = "How High Ya Homie";
			productReference = D0E891C51B0D8A5A00AE33D9 /* HowHighYaHomie.app */;
			productType = "com.apple.product-type.application";
		};
		D0E891D91B0D8A5A00AE33D9 /* How High Ya HomieTests */ = {
			isa = PBXNativeTarget;
			buildConfigurationList = D0E891E71B0D8A5A00AE33D9 /* Build configuration list for PBXNativeTarget "How High Ya HomieTests" */;
			buildPhases = (
				D0E891D61B0D8A5A00AE33D9 /* Sources */,
				D0E891D71B0D8A5A00AE33D9 /* Frameworks */,
				D0E891D81B0D8A5A00AE33D9 /* Resources */,
			);
			buildRules = (
			);
			dependencies = (
				D0E891DC1B0D8A5A00AE33D9 /* PBXTargetDependency */,
			);
			name = "How High Ya HomieTests";
			productName = "How High Ya HomieTests";
			productReference = D0E891DA1B0D8A5A00AE33D9 /* How High Ya HomieTests.xctest */;
			productType = "com.apple.product-type.bundle.unit-test";
		};
/* End PBXNativeTarget section */

/* Begin PBXProject section */
		D0E891BD1B0D8A5A00AE33D9 /* Project object */ = {
			isa = PBXProject;
			attributes = {
				LastUpgradeCheck = 0630;
				ORGANIZATIONNAME = "Justin Matsnev";
				TargetAttributes = {
					D0E891C41B0D8A5A00AE33D9 = {
						CreatedOnToolsVersion = 6.3;
						DevelopmentTeam = 96QE7H4LVL;
					};
					D0E891D91B0D8A5A00AE33D9 = {
						CreatedOnToolsVersion = 6.3;
						TestTargetID = D0E891C41B0D8A5A00AE33D9;
					};
				};
			};
			buildConfigurationList = D0E891C01B0D8A5A00AE33D9 /* Build configuration list for PBXProject "HowHighYaHomie" */;
			compatibilityVersion = "Xcode 3.2";
			developmentRegion = English;
			hasScannedForEncodings = 0;
			knownRegions = (
				en,
				Base,
			);
			mainGroup = D0E891BC1B0D8A5A00AE33D9;
			productRefGroup = D0E891C61B0D8A5A00AE33D9 /* Products */;
			projectDirPath = "";
			projectRoot = "";
			targets = (
				D0E891C41B0D8A5A00AE33D9 /* How High Ya Homie */,
				D0E891D91B0D8A5A00AE33D9 /* How High Ya HomieTests */,
			);
		};
/* End PBXProject section */

/* Begin PBXResourcesBuildPhase section */
		D0E891C31B0D8A5A00AE33D9 /* Resources */ = {
			isa = PBXResourcesBuildPhase;
			buildActionMask = 2147483647;
			files = (
				D0A56CED1B3A4F1B0077071B /* Camera-Front-128.png in Resources */,
				D08FA1821B39F3ED00275F9E /* otw.png in Resources */,
				D0A56CF51B3A55BF0077071B /* coollogo_com-7459119.png in Resources */,
				D0A56CEF1B3A4FEA0077071B /* button_black_repeat.png in Resources */,
				D0E891EE1B0EB75300AE33D9 /* homieLogo.png in Resources */,
				D08FA1721B39E48500275F9E /* button (7).png in Resources */,
				D08FA1731B39E48500275F9E /* button (6).png in Resources */,
				D0E891D01B0D8A5A00AE33D9 /* Main.storyboard in Resources */,
				D0DD8F161B37B5D1005A7623 /* collage.png in Resources */,
				D0DD8F1E1B37BEA5005A7623 /* Screen Shot 2015-06-21 at 11.54.46 PM.png in Resources */,
				D0E891D51B0D8A5A00AE33D9 /* LaunchScreen.xib in Resources */,
				D0A56CEB1B3A4E170077071B /* 1435131014_facebook_circle_color.png in Resources */,
				D08FA1841B39F3ED00275F9E /* buzzed.png in Resources */,
				D0A56CEA1B3A4E170077071B /* twitter_circle_color-128.png in Resources */,
				D0E891D21B0D8A5A00AE33D9 /* Images.xcassets in Resources */,
				D0FC6BEF1B34B64D00B3D19D /* homieButton.png in Resources */,
				D0DD8F1A1B37BCF8005A7623 /* coollogo_com-127414877.png in Resources */,
				D0A56CF11B3A51620077071B /* 519566-062_Redo-128.png in Resources */,
				D08FA1871B39F3ED00275F9E /* sober.png in Resources */,
				D08FA1811B39F3ED00275F9E /* blazed.png in Resources */,
				D08FA1851B39F3ED00275F9E /* fucked.png in Resources */,
				D08FA17F1B39F3ED00275F9E /* high.png in Resources */,
				D08FA1831B39F3ED00275F9E /* stoned.png in Resources */,
				D08FA18F1B3A034200275F9E /* weed.png in Resources */,
				D08FA1861B39F3ED00275F9E /* gone.png in Resources */,
				D08FA1911B3A041D00275F9E /* weed 16-06-24-929.png in Resources */,
				D08FA17E1B39F3ED00275F9E /* baked.png in Resources */,
				D08FA1801B39F3ED00275F9E /* toasted.png in Resources */,
				D0A56CF31B3A53680077071B /* imessage-128.png in Resources */,
				D0A56CE71B3A4D640077071B /* facebook-login-button.png in Resources */,
			);
			runOnlyForDeploymentPostprocessing = 0;
		};
		D0E891D81B0D8A5A00AE33D9 /* Resources */ = {
			isa = PBXResourcesBuildPhase;
			buildActionMask = 2147483647;
			files = (
			);
			runOnlyForDeploymentPostprocessing = 0;
		};
/* End PBXResourcesBuildPhase section */

/* Begin PBXSourcesBuildPhase section */
		D0E891C11B0D8A5A00AE33D9 /* Sources */ = {
			isa = PBXSourcesBuildPhase;
			buildActionMask = 2147483647;
			files = (
				D0A56CE11B3A4AF50077071B /* FBBridgingHeader.m in Sources */,
				D08FA1891B39F5C700275F9E /* EndViewController.swift in Sources */,
				D0E891F01B0EBAEF00AE33D9 /* StartScreenViewController.swift in Sources */,
				D0E891CD1B0D8A5A00AE33D9 /* ViewController.swift in Sources */,
				D0E891CB1B0D8A5A00AE33D9 /* AppDelegate.swift in Sources */,
			);
			runOnlyForDeploymentPostprocessing = 0;
		};
		D0E891D61B0D8A5A00AE33D9 /* Sources */ = {
			isa = PBXSourcesBuildPhase;
			buildActionMask = 2147483647;
			files = (
				D0E891E11B0D8A5A00AE33D9 /* How_High_Ya_HomieTests.swift in Sources */,
			);
			runOnlyForDeploymentPostprocessing = 0;
		};
/* End PBXSourcesBuildPhase section */

/* Begin PBXTargetDependency section */
		D0E891DC1B0D8A5A00AE33D9 /* PBXTargetDependency */ = {
			isa = PBXTargetDependency;
			target = D0E891C41B0D8A5A00AE33D9 /* How High Ya Homie */;
			targetProxy = D0E891DB1B0D8A5A00AE33D9 /* PBXContainerItemProxy */;
		};
/* End PBXTargetDependency section */

/* Begin PBXVariantGroup section */
		D0E891CE1B0D8A5A00AE33D9 /* Main.storyboard */ = {
			isa = PBXVariantGroup;
			children = (
				D0E891CF1B0D8A5A00AE33D9 /* Base */,
			);
			name = Main.storyboard;
			sourceTree = "<group>";
		};
		D0E891D31B0D8A5A00AE33D9 /* LaunchScreen.xib */ = {
			isa = PBXVariantGroup;
			children = (
				D0E891D41B0D8A5A00AE33D9 /* Base */,
			);
			name = LaunchScreen.xib;
			sourceTree = "<group>";
		};
/* End PBXVariantGroup section */

/* Begin XCBuildConfiguration section */
		D0E891E21B0D8A5A00AE33D9 /* Debug */ = {
			isa = XCBuildConfiguration;
			buildSettings = {
				ALWAYS_SEARCH_USER_PATHS = NO;
				CLANG_CXX_LANGUAGE_STANDARD = "gnu++0x";
				CLANG_CXX_LIBRARY = "libc++";
				CLANG_ENABLE_MODULES = YES;
				CLANG_ENABLE_OBJC_ARC = YES;
				CLANG_WARN_BOOL_CONVERSION = YES;
				CLANG_WARN_CONSTANT_CONVERSION = YES;
				CLANG_WARN_DIRECT_OBJC_ISA_USAGE = YES_ERROR;
				CLANG_WARN_EMPTY_BODY = YES;
				CLANG_WARN_ENUM_CONVERSION = YES;
				CLANG_WARN_INT_CONVERSION = YES;
				CLANG_WARN_OBJC_ROOT_CLASS = YES_ERROR;
				CLANG_WARN_UNREACHABLE_CODE = YES;
				CLANG_WARN__DUPLICATE_METHOD_MATCH = YES;
				"CODE_SIGN_IDENTITY[sdk=iphoneos*]" = "iPhone Developer";
				COPY_PHASE_STRIP = NO;
				DEBUG_INFORMATION_FORMAT = "dwarf-with-dsym";
				ENABLE_STRICT_OBJC_MSGSEND = YES;
				GCC_C_LANGUAGE_STANDARD = gnu99;
				GCC_DYNAMIC_NO_PIC = NO;
				GCC_NO_COMMON_BLOCKS = YES;
				GCC_OPTIMIZATION_LEVEL = 0;
				GCC_PREPROCESSOR_DEFINITIONS = (
					"DEBUG=1",
					"$(inherited)",
				);
				GCC_SYMBOLS_PRIVATE_EXTERN = NO;
				GCC_WARN_64_TO_32_BIT_CONVERSION = YES;
				GCC_WARN_ABOUT_RETURN_TYPE = YES_ERROR;
				GCC_WARN_UNDECLARED_SELECTOR = YES;
				GCC_WARN_UNINITIALIZED_AUTOS = YES_AGGRESSIVE;
				GCC_WARN_UNUSED_FUNCTION = YES;
				GCC_WARN_UNUSED_VARIABLE = YES;
				IPHONEOS_DEPLOYMENT_TARGET = 7.0;
				MTL_ENABLE_DEBUG_INFO = YES;
				ONLY_ACTIVE_ARCH = YES;
				SDKROOT = iphoneos;
				SWIFT_OPTIMIZATION_LEVEL = "-Onone";
				TARGETED_DEVICE_FAMILY = "1,2";
			};
			name = Debug;
		};
		D0E891E31B0D8A5A00AE33D9 /* Release */ = {
			isa = XCBuildConfiguration;
			buildSettings = {
				ALWAYS_SEARCH_USER_PATHS = NO;
				CLANG_CXX_LANGUAGE_STANDARD = "gnu++0x";
				CLANG_CXX_LIBRARY = "libc++";
				CLANG_ENABLE_MODULES = YES;
				CLANG_ENABLE_OBJC_ARC = YES;
				CLANG_WARN_BOOL_CONVERSION = YES;
				CLANG_WARN_CONSTANT_CONVERSION = YES;
				CLANG_WARN_DIRECT_OBJC_ISA_USAGE = YES_ERROR;
				CLANG_WARN_EMPTY_BODY = YES;
				CLANG_WARN_ENUM_CONVERSION = YES;
				CLANG_WARN_INT_CONVERSION = YES;
				CLANG_WARN_OBJC_ROOT_CLASS = YES_ERROR;
				CLANG_WARN_UNREACHABLE_CODE = YES;
				CLANG_WARN__DUPLICATE_METHOD_MATCH = YES;
				"CODE_SIGN_IDENTITY[sdk=iphoneos*]" = "iPhone Developer";
				COPY_PHASE_STRIP = NO;
				DEBUG_INFORMATION_FORMAT = "dwarf-with-dsym";
				ENABLE_NS_ASSERTIONS = NO;
				ENABLE_STRICT_OBJC_MSGSEND = YES;
				GCC_C_LANGUAGE_STANDARD = gnu99;
				GCC_NO_COMMON_BLOCKS = YES;
				GCC_WARN_64_TO_32_BIT_CONVERSION = YES;
				GCC_WARN_ABOUT_RETURN_TYPE = YES_ERROR;
				GCC_WARN_UNDECLARED_SELECTOR = YES;
				GCC_WARN_UNINITIALIZED_AUTOS = YES_AGGRESSIVE;
				GCC_WARN_UNUSED_FUNCTION = YES;
				GCC_WARN_UNUSED_VARIABLE = YES;
				IPHONEOS_DEPLOYMENT_TARGET = 7.0;
				MTL_ENABLE_DEBUG_INFO = NO;
				SDKROOT = iphoneos;
				TARGETED_DEVICE_FAMILY = "1,2";
				VALIDATE_PRODUCT = YES;
			};
			name = Release;
		};
		D0E891E51B0D8A5A00AE33D9 /* Debug */ = {
			isa = XCBuildConfiguration;
			buildSettings = {
				ASSETCATALOG_COMPILER_APPICON_NAME = AppIcon;
				CLANG_ENABLE_MODULES = YES;
				CODE_SIGN_IDENTITY = "iPhone Developer";
				FRAMEWORK_SEARCH_PATHS = (
					"$(inherited)",
					"$(PROJECT_DIR)/How",
					High,
					Ya,
					Homie,
				);
				INFOPLIST_FILE = "How High Ya Homie/Info.plist";
				IPHONEOS_DEPLOYMENT_TARGET = 7.0;
				LD_RUNPATH_SEARCH_PATHS = "$(inherited) @executable_path/Frameworks";
				PRODUCT_NAME = HowHighYaHomie;
				SWIFT_OBJC_BRIDGING_HEADER = "How High Ya Homie/How High Ya Homie-Bridging-Header.h";
				SWIFT_OPTIMIZATION_LEVEL = "-Onone";
				TARGETED_DEVICE_FAMILY = 1;
			};
			name = Debug;
		};
		D0E891E61B0D8A5A00AE33D9 /* Release */ = {
			isa = XCBuildConfiguration;
			buildSettings = {
				ASSETCATALOG_COMPILER_APPICON_NAME = AppIcon;
				CLANG_ENABLE_MODULES = YES;
				CODE_SIGN_IDENTITY = "iPhone Developer";
				FRAMEWORK_SEARCH_PATHS = (
					"$(inherited)",
					"$(PROJECT_DIR)/How",
					High,
					Ya,
					Homie,
				);
				INFOPLIST_FILE = "How High Ya Homie/Info.plist";
				IPHONEOS_DEPLOYMENT_TARGET = 7.0;
				LD_RUNPATH_SEARCH_PATHS = "$(inherited) @executable_path/Frameworks";
				PRODUCT_NAME = HowHighYaHomie;
				SWIFT_OBJC_BRIDGING_HEADER = "How High Ya Homie/How High Ya Homie-Bridging-Header.h";
				TARGETED_DEVICE_FAMILY = 1;
			};
			name = Release;
		};
		D0E891E81B0D8A5A00AE33D9 /* Debug */ = {
			isa = XCBuildConfiguration;
			buildSettings = {
				BUNDLE_LOADER = "$(TEST_HOST)";
				FRAMEWORK_SEARCH_PATHS = (
					"$(SDKROOT)/Developer/Library/Frameworks",
					"$(inherited)",
				);
				GCC_PREPROCESSOR_DEFINITIONS = (
					"DEBUG=1",
					"$(inherited)",
				);
				INFOPLIST_FILE = "How High Ya HomieTests/Info.plist";
				LD_RUNPATH_SEARCH_PATHS = "$(inherited) @executable_path/Frameworks @loader_path/Frameworks";
				PRODUCT_NAME = "$(TARGET_NAME)";
				TEST_HOST = "$(BUILT_PRODUCTS_DIR)/How High YaHomie.app/How High YaHomie";
			};
			name = Debug;
		};
		D0E891E91B0D8A5A00AE33D9 /* Release */ = {
			isa = XCBuildConfiguration;
			buildSettings = {
				BUNDLE_LOADER = "$(TEST_HOST)";
				FRAMEWORK_SEARCH_PATHS = (
					"$(SDKROOT)/Developer/Library/Frameworks",
					"$(inherited)",
				);
				INFOPLIST_FILE = "How High Ya HomieTests/Info.plist";
				LD_RUNPATH_SEARCH_PATHS = "$(inherited) @executable_path/Frameworks @loader_path/Frameworks";
				PRODUCT_NAME = "$(TARGET_NAME)";
				TEST_HOST = "$(BUILT_PRODUCTS_DIR)/How High YaHomie.app/How High YaHomie";
			};
			name = Release;
		};
/* End XCBuildConfiguration section */

/* Begin XCConfigurationList section */
		D0E891C01B0D8A5A00AE33D9 /* Build configuration list for PBXProject "HowHighYaHomie" */ = {
			isa = XCConfigurationList;
			buildConfigurations = (
				D0E891E21B0D8A5A00AE33D9 /* Debug */,
				D0E891E31B0D8A5A00AE33D9 /* Release */,
			);
			defaultConfigurationIsVisible = 0;
			defaultConfigurationName = Release;
		};
		D0E891E41B0D8A5A00AE33D9 /* Build configuration list for PBXNativeTarget "How High Ya Homie" */ = {
			isa = XCConfigurationList;
			buildConfigurations = (
				D0E891E51B0D8A5A00AE33D9 /* Debug */,
				D0E891E61B0D8A5A00AE33D9 /* Release */,
			);
			defaultConfigurationIsVisible = 0;
			defaultConfigurationName = Release;
		};
		D0E891E71B0D8A5A00AE33D9 /* Build configuration list for PBXNativeTarget "How High Ya HomieTests" */ = {
			isa = XCConfigurationList;
			buildConfigurations = (
				D0E891E81B0D8A5A00AE33D9 /* Debug */,
				D0E891E91B0D8A5A00AE33D9 /* Release */,
			);
			defaultConfigurationIsVisible = 0;
			defaultConfigurationName = Release;
		};
/* End XCConfigurationList section */
	};
	rootObject = D0E891BD1B0D8A5A00AE33D9 /* Project object */;
}
